
Microsoft Visual Studio Solution File, Format Version 12.00
# Visual Studio 15
VisualStudioVersion = 15.0.27004.2009
MinimumVisualStudioVersion = 10.0.40219.1
Project("{FAE04EC0-301F-11D3-BF4B-00C04F79EFBC}") = "SkyBlog", "SkyBlog\SkyBlog.csproj", "{3023548A-7546-4EAF-8E8B-ACE21851451E}"
EndProject
Global
	GlobalSection(SolutionConfigurationPlatforms) = preSolution
		Debug|Any CPU = Debug|Any CPU
		Release|Any CPU = Release|Any CPU
	EndGlobalSection
	GlobalSection(ProjectConfigurationPlatforms) = postSolution
		{3023548A-7546-4EAF-8E8B-ACE21851451E}.Debug|Any CPU.ActiveCfg = Debug|Any CPU
		{3023548A-7546-4EAF-8E8B-ACE21851451E}.Debug|Any CPU.Build.0 = Debug|Any CPU
		{3023548A-7546-4EAF-8E8B-ACE21851451E}.Release|Any CPU.ActiveCfg = Release|Any CPU
		{3023548A-7546-4EAF-8E8B-ACE21851451E}.Release|Any CPU.Build.0 = Release|Any CPU
	EndGlobalSection
	GlobalSection(SolutionProperties) = preSolution
		HideSolutionNode = FALSE
	EndGlobalSection
	GlobalSection(ExtensibilityGlobals) = postSolution
		SolutionGuid = {D0921845-A456-41F8-A36E-9957A9D476D8}
	EndGlobalSection
EndGlobal
